// !$*UTF8*$!
{
	archiveVersion = 1;
	classes = {
	};
	objectVersion = 50;
	objects = {

/* Begin PBXBuildFile section */
		3EFD842C26D76EE400727EAF /* AppDelegate.swift in Sources */ = {isa = PBXBuildFile; fileRef = 3EFD842B26D76EE400727EAF /* AppDelegate.swift */; };
		3EFD842E26D76EE400727EAF /* SceneDelegate.swift in Sources */ = {isa = PBXBuildFile; fileRef = 3EFD842D26D76EE400727EAF /* SceneDelegate.swift */; };
		3EFD843026D76EE400727EAF /* ViewController.swift in Sources */ = {isa = PBXBuildFile; fileRef = 3EFD842F26D76EE400727EAF /* ViewController.swift */; };
		3EFD843326D76EE400727EAF /* Main.storyboard in Resources */ = {isa = PBXBuildFile; fileRef = 3EFD843126D76EE400727EAF /* Main.storyboard */; };
		3EFD843526D76EE500727EAF /* Assets.xcassets in Resources */ = {isa = PBXBuildFile; fileRef = 3EFD843426D76EE500727EAF /* Assets.xcassets */; };
		3EFD843826D76EE500727EAF /* LaunchScreen.storyboard in Resources */ = {isa = PBXBuildFile; fileRef = 3EFD843626D76EE500727EAF /* LaunchScreen.storyboard */; };
		3EFD844326D76EE500727EAF /* app_store_search_tap_cloneTests.swift in Sources */ = {isa = PBXBuildFile; fileRef = 3EFD844226D76EE500727EAF /* app_store_search_tap_cloneTests.swift */; };
		3EFD844E26D76EE500727EAF /* app_store_search_tap_cloneUITests.swift in Sources */ = {isa = PBXBuildFile; fileRef = 3EFD844D26D76EE500727EAF /* app_store_search_tap_cloneUITests.swift */; };
		3EFD845D26D76F4500727EAF /* NetworkManager.swift in Sources */ = {isa = PBXBuildFile; fileRef = 3EFD845C26D76F4500727EAF /* NetworkManager.swift */; };
		3EFD846026D76F8700727EAF /* SearchItem.swift in Sources */ = {isa = PBXBuildFile; fileRef = 3EFD845F26D76F8700727EAF /* SearchItem.swift */; };
		3EFD846126D76F8700727EAF /* SearchItem.swift in Sources */ = {isa = PBXBuildFile; fileRef = 3EFD845F26D76F8700727EAF /* SearchItem.swift */; };
		3EFD846226D76F8700727EAF /* SearchItem.swift in Sources */ = {isa = PBXBuildFile; fileRef = 3EFD845F26D76F8700727EAF /* SearchItem.swift */; };
		3EFD846326D76F8A00727EAF /* NetworkManager.swift in Sources */ = {isa = PBXBuildFile; fileRef = 3EFD845C26D76F4500727EAF /* NetworkManager.swift */; };
		3EFD846426D76F8A00727EAF /* NetworkManager.swift in Sources */ = {isa = PBXBuildFile; fileRef = 3EFD845C26D76F4500727EAF /* NetworkManager.swift */; };
		3EFD846626D7B6A200727EAF /* SearchResult.swift in Sources */ = {isa = PBXBuildFile; fileRef = 3EFD846526D7B6A200727EAF /* SearchResult.swift */; };
		3EFD846726D7B6A200727EAF /* SearchResult.swift in Sources */ = {isa = PBXBuildFile; fileRef = 3EFD846526D7B6A200727EAF /* SearchResult.swift */; };
		3EFD846826D7B6A200727EAF /* SearchResult.swift in Sources */ = {isa = PBXBuildFile; fileRef = 3EFD846526D7B6A200727EAF /* SearchResult.swift */; };
		3EFD846A26D7BEEB00727EAF /* Decoder.swift in Sources */ = {isa = PBXBuildFile; fileRef = 3EFD846926D7BEEB00727EAF /* Decoder.swift */; };
		3EFD846B26D7BEEB00727EAF /* Decoder.swift in Sources */ = {isa = PBXBuildFile; fileRef = 3EFD846926D7BEEB00727EAF /* Decoder.swift */; };
		3EFD846C26D7BEEB00727EAF /* Decoder.swift in Sources */ = {isa = PBXBuildFile; fileRef = 3EFD846926D7BEEB00727EAF /* Decoder.swift */; };
		3EFD846E26D7C4A500727EAF /* MockURLSession.swift in Sources */ = {isa = PBXBuildFile; fileRef = 3EFD846D26D7C4A500727EAF /* MockURLSession.swift */; };
		3EFD846F26D7C4A500727EAF /* MockURLSession.swift in Sources */ = {isa = PBXBuildFile; fileRef = 3EFD846D26D7C4A500727EAF /* MockURLSession.swift */; };
		3EFD847026D7C4A500727EAF /* MockURLSession.swift in Sources */ = {isa = PBXBuildFile; fileRef = 3EFD846D26D7C4A500727EAF /* MockURLSession.swift */; };
		3EFD847226D7C5D300727EAF /* Config.swift in Sources */ = {isa = PBXBuildFile; fileRef = 3EFD847126D7C5D300727EAF /* Config.swift */; };
		3EFD847326D7C5D300727EAF /* Config.swift in Sources */ = {isa = PBXBuildFile; fileRef = 3EFD847126D7C5D300727EAF /* Config.swift */; };
		3EFD847426D7C5D300727EAF /* Config.swift in Sources */ = {isa = PBXBuildFile; fileRef = 3EFD847126D7C5D300727EAF /* Config.swift */; };
/* End PBXBuildFile section */

/* Begin PBXContainerItemProxy section */
		3EFD843F26D76EE500727EAF /* PBXContainerItemProxy */ = {
			isa = PBXContainerItemProxy;
			containerPortal = 3EFD842026D76EE400727EAF /* Project object */;
			proxyType = 1;
			remoteGlobalIDString = 3EFD842726D76EE400727EAF;
			remoteInfo = "app-store-search-tap-clone";
		};
		3EFD844A26D76EE500727EAF /* PBXContainerItemProxy */ = {
			isa = PBXContainerItemProxy;
			containerPortal = 3EFD842026D76EE400727EAF /* Project object */;
			proxyType = 1;
			remoteGlobalIDString = 3EFD842726D76EE400727EAF;
			remoteInfo = "app-store-search-tap-clone";
		};
/* End PBXContainerItemProxy section */

/* Begin PBXFileReference section */
		3EFD842826D76EE400727EAF /* app-store-search-tap-clone.app */ = {isa = PBXFileReference; explicitFileType = wrapper.application; includeInIndex = 0; path = "app-store-search-tap-clone.app"; sourceTree = BUILT_PRODUCTS_DIR; };
		3EFD842B26D76EE400727EAF /* AppDelegate.swift */ = {isa = PBXFileReference; lastKnownFileType = sourcecode.swift; path = AppDelegate.swift; sourceTree = "<group>"; };
		3EFD842D26D76EE400727EAF /* SceneDelegate.swift */ = {isa = PBXFileReference; lastKnownFileType = sourcecode.swift; path = SceneDelegate.swift; sourceTree = "<group>"; };
		3EFD842F26D76EE400727EAF /* ViewController.swift */ = {isa = PBXFileReference; lastKnownFileType = sourcecode.swift; path = ViewController.swift; sourceTree = "<group>"; };
		3EFD843226D76EE400727EAF /* Base */ = {isa = PBXFileReference; lastKnownFileType = file.storyboard; name = Base; path = Base.lproj/Main.storyboard; sourceTree = "<group>"; };
		3EFD843426D76EE500727EAF /* Assets.xcassets */ = {isa = PBXFileReference; lastKnownFileType = folder.assetcatalog; path = Assets.xcassets; sourceTree = "<group>"; };
		3EFD843726D76EE500727EAF /* Base */ = {isa = PBXFileReference; lastKnownFileType = file.storyboard; name = Base; path = Base.lproj/LaunchScreen.storyboard; sourceTree = "<group>"; };
		3EFD843926D76EE500727EAF /* Info.plist */ = {isa = PBXFileReference; lastKnownFileType = text.plist.xml; path = Info.plist; sourceTree = "<group>"; };
		3EFD843E26D76EE500727EAF /* app-store-search-tap-cloneTests.xctest */ = {isa = PBXFileReference; explicitFileType = wrapper.cfbundle; includeInIndex = 0; path = "app-store-search-tap-cloneTests.xctest"; sourceTree = BUILT_PRODUCTS_DIR; };
		3EFD844226D76EE500727EAF /* app_store_search_tap_cloneTests.swift */ = {isa = PBXFileReference; lastKnownFileType = sourcecode.swift; path = app_store_search_tap_cloneTests.swift; sourceTree = "<group>"; };
		3EFD844426D76EE500727EAF /* Info.plist */ = {isa = PBXFileReference; lastKnownFileType = text.plist.xml; path = Info.plist; sourceTree = "<group>"; };
		3EFD844926D76EE500727EAF /* app-store-search-tap-cloneUITests.xctest */ = {isa = PBXFileReference; explicitFileType = wrapper.cfbundle; includeInIndex = 0; path = "app-store-search-tap-cloneUITests.xctest"; sourceTree = BUILT_PRODUCTS_DIR; };
		3EFD844D26D76EE500727EAF /* app_store_search_tap_cloneUITests.swift */ = {isa = PBXFileReference; lastKnownFileType = sourcecode.swift; path = app_store_search_tap_cloneUITests.swift; sourceTree = "<group>"; };
		3EFD844F26D76EE500727EAF /* Info.plist */ = {isa = PBXFileReference; lastKnownFileType = text.plist.xml; path = Info.plist; sourceTree = "<group>"; };
		3EFD845C26D76F4500727EAF /* NetworkManager.swift */ = {isa = PBXFileReference; lastKnownFileType = sourcecode.swift; path = NetworkManager.swift; sourceTree = "<group>"; };
		3EFD845F26D76F8700727EAF /* SearchItem.swift */ = {isa = PBXFileReference; lastKnownFileType = sourcecode.swift; path = SearchItem.swift; sourceTree = "<group>"; };
		3EFD846526D7B6A200727EAF /* SearchResult.swift */ = {isa = PBXFileReference; lastKnownFileType = sourcecode.swift; path = SearchResult.swift; sourceTree = "<group>"; };
		3EFD846926D7BEEB00727EAF /* Decoder.swift */ = {isa = PBXFileReference; lastKnownFileType = sourcecode.swift; path = Decoder.swift; sourceTree = "<group>"; };
		3EFD846D26D7C4A500727EAF /* MockURLSession.swift */ = {isa = PBXFileReference; lastKnownFileType = sourcecode.swift; path = MockURLSession.swift; sourceTree = "<group>"; };
		3EFD847126D7C5D300727EAF /* Config.swift */ = {isa = PBXFileReference; lastKnownFileType = sourcecode.swift; path = Config.swift; sourceTree = "<group>"; };
/* End PBXFileReference section */

/* Begin PBXFrameworksBuildPhase section */
		3EFD842526D76EE400727EAF /* Frameworks */ = {
			isa = PBXFrameworksBuildPhase;
			buildActionMask = 2147483647;
			files = (
			);
			runOnlyForDeploymentPostprocessing = 0;
		};
		3EFD843B26D76EE500727EAF /* Frameworks */ = {
			isa = PBXFrameworksBuildPhase;
			buildActionMask = 2147483647;
			files = (
			);
			runOnlyForDeploymentPostprocessing = 0;
		};
		3EFD844626D76EE500727EAF /* Frameworks */ = {
			isa = PBXFrameworksBuildPhase;
			buildActionMask = 2147483647;
			files = (
			);
			runOnlyForDeploymentPostprocessing = 0;
		};
/* End PBXFrameworksBuildPhase section */

/* Begin PBXGroup section */
		3EFD841F26D76EE400727EAF = {
			isa = PBXGroup;
			children = (
				3EFD842A26D76EE400727EAF /* app-store-search-tap-clone */,
				3EFD844126D76EE500727EAF /* app-store-search-tap-cloneTests */,
				3EFD844C26D76EE500727EAF /* app-store-search-tap-cloneUITests */,
				3EFD842926D76EE400727EAF /* Products */,
			);
			sourceTree = "<group>";
		};
		3EFD842926D76EE400727EAF /* Products */ = {
			isa = PBXGroup;
			children = (
				3EFD842826D76EE400727EAF /* app-store-search-tap-clone.app */,
				3EFD843E26D76EE500727EAF /* app-store-search-tap-cloneTests.xctest */,
				3EFD844926D76EE500727EAF /* app-store-search-tap-cloneUITests.xctest */,
			);
			name = Products;
			sourceTree = "<group>";
		};
		3EFD842A26D76EE400727EAF /* app-store-search-tap-clone */ = {
			isa = PBXGroup;
			children = (
				3EFD845E26D76F5900727EAF /* Model */,
				3EFD845B26D76F3200727EAF /* NetworkManager */,
				3EFD842B26D76EE400727EAF /* AppDelegate.swift */,
				3EFD842D26D76EE400727EAF /* SceneDelegate.swift */,
				3EFD842F26D76EE400727EAF /* ViewController.swift */,
				3EFD843126D76EE400727EAF /* Main.storyboard */,
				3EFD843426D76EE500727EAF /* Assets.xcassets */,
				3EFD843626D76EE500727EAF /* LaunchScreen.storyboard */,
				3EFD843926D76EE500727EAF /* Info.plist */,
			);
			path = "app-store-search-tap-clone";
			sourceTree = "<group>";
		};
		3EFD844126D76EE500727EAF /* app-store-search-tap-cloneTests */ = {
			isa = PBXGroup;
			children = (
				3EFD844226D76EE500727EAF /* app_store_search_tap_cloneTests.swift */,
				3EFD844426D76EE500727EAF /* Info.plist */,
			);
			path = "app-store-search-tap-cloneTests";
			sourceTree = "<group>";
		};
		3EFD844C26D76EE500727EAF /* app-store-search-tap-cloneUITests */ = {
			isa = PBXGroup;
			children = (
				3EFD844D26D76EE500727EAF /* app_store_search_tap_cloneUITests.swift */,
				3EFD844F26D76EE500727EAF /* Info.plist */,
			);
			path = "app-store-search-tap-cloneUITests";
			sourceTree = "<group>";
		};
		3EFD845B26D76F3200727EAF /* NetworkManager */ = {
			isa = PBXGroup;
			children = (
				3EFD845C26D76F4500727EAF /* NetworkManager.swift */,
				3EFD846926D7BEEB00727EAF /* Decoder.swift */,
				3EFD846D26D7C4A500727EAF /* MockURLSession.swift */,
			);
			path = NetworkManager;
			sourceTree = "<group>";
		};
		3EFD845E26D76F5900727EAF /* Model */ = {
			isa = PBXGroup;
			children = (
				3EFD845F26D76F8700727EAF /* SearchItem.swift */,
				3EFD846526D7B6A200727EAF /* SearchResult.swift */,
				3EFD847126D7C5D300727EAF /* Config.swift */,
			);
			path = Model;
			sourceTree = "<group>";
		};
/* End PBXGroup section */

/* Begin PBXNativeTarget section */
		3EFD842726D76EE400727EAF /* app-store-search-tap-clone */ = {
			isa = PBXNativeTarget;
			buildConfigurationList = 3EFD845226D76EE500727EAF /* Build configuration list for PBXNativeTarget "app-store-search-tap-clone" */;
			buildPhases = (
				3EFD842426D76EE400727EAF /* Sources */,
				3EFD842526D76EE400727EAF /* Frameworks */,
				3EFD842626D76EE400727EAF /* Resources */,
			);
			buildRules = (
			);
			dependencies = (
			);
			name = "app-store-search-tap-clone";
			productName = "app-store-search-tap-clone";
			productReference = 3EFD842826D76EE400727EAF /* app-store-search-tap-clone.app */;
			productType = "com.apple.product-type.application";
		};
		3EFD843D26D76EE500727EAF /* app-store-search-tap-cloneTests */ = {
			isa = PBXNativeTarget;
			buildConfigurationList = 3EFD845526D76EE500727EAF /* Build configuration list for PBXNativeTarget "app-store-search-tap-cloneTests" */;
			buildPhases = (
				3EFD843A26D76EE500727EAF /* Sources */,
				3EFD843B26D76EE500727EAF /* Frameworks */,
				3EFD843C26D76EE500727EAF /* Resources */,
			);
			buildRules = (
			);
			dependencies = (
				3EFD844026D76EE500727EAF /* PBXTargetDependency */,
			);
			name = "app-store-search-tap-cloneTests";
			productName = "app-store-search-tap-cloneTests";
			productReference = 3EFD843E26D76EE500727EAF /* app-store-search-tap-cloneTests.xctest */;
			productType = "com.apple.product-type.bundle.unit-test";
		};
		3EFD844826D76EE500727EAF /* app-store-search-tap-cloneUITests */ = {
			isa = PBXNativeTarget;
			buildConfigurationList = 3EFD845826D76EE500727EAF /* Build configuration list for PBXNativeTarget "app-store-search-tap-cloneUITests" */;
			buildPhases = (
				3EFD844526D76EE500727EAF /* Sources */,
				3EFD844626D76EE500727EAF /* Frameworks */,
				3EFD844726D76EE500727EAF /* Resources */,
			);
			buildRules = (
			);
			dependencies = (
				3EFD844B26D76EE500727EAF /* PBXTargetDependency */,
			);
			name = "app-store-search-tap-cloneUITests";
			productName = "app-store-search-tap-cloneUITests";
			productReference = 3EFD844926D76EE500727EAF /* app-store-search-tap-cloneUITests.xctest */;
			productType = "com.apple.product-type.bundle.ui-testing";
		};
/* End PBXNativeTarget section */

/* Begin PBXProject section */
		3EFD842026D76EE400727EAF /* Project object */ = {
			isa = PBXProject;
			attributes = {
				LastSwiftUpdateCheck = 1250;
				LastUpgradeCheck = 1250;
				TargetAttributes = {
					3EFD842726D76EE400727EAF = {
						CreatedOnToolsVersion = 12.5.1;
					};
					3EFD843D26D76EE500727EAF = {
						CreatedOnToolsVersion = 12.5.1;
						TestTargetID = 3EFD842726D76EE400727EAF;
					};
					3EFD844826D76EE500727EAF = {
						CreatedOnToolsVersion = 12.5.1;
						TestTargetID = 3EFD842726D76EE400727EAF;
					};
				};
			};
			buildConfigurationList = 3EFD842326D76EE400727EAF /* Build configuration list for PBXProject "app-store-search-tap-clone" */;
			compatibilityVersion = "Xcode 9.3";
			developmentRegion = en;
			hasScannedForEncodings = 0;
			knownRegions = (
				en,
				Base,
			);
			mainGroup = 3EFD841F26D76EE400727EAF;
			productRefGroup = 3EFD842926D76EE400727EAF /* Products */;
			projectDirPath = "";
			projectRoot = "";
			targets = (
				3EFD842726D76EE400727EAF /* app-store-search-tap-clone */,
				3EFD843D26D76EE500727EAF /* app-store-search-tap-cloneTests */,
				3EFD844826D76EE500727EAF /* app-store-search-tap-cloneUITests */,
			);
		};
/* End PBXProject section */

/* Begin PBXResourcesBuildPhase section */
		3EFD842626D76EE400727EAF /* Resources */ = {
			isa = PBXResourcesBuildPhase;
			buildActionMask = 2147483647;
			files = (
				3EFD843826D76EE500727EAF /* LaunchScreen.storyboard in Resources */,
				3EFD843526D76EE500727EAF /* Assets.xcassets in Resources */,
				3EFD843326D76EE400727EAF /* Main.storyboard in Resources */,
			);
			runOnlyForDeploymentPostprocessing = 0;
		};
		3EFD843C26D76EE500727EAF /* Resources */ = {
			isa = PBXResourcesBuildPhase;
			buildActionMask = 2147483647;
			files = (
			);
			runOnlyForDeploymentPostprocessing = 0;
		};
		3EFD844726D76EE500727EAF /* Resources */ = {
			isa = PBXResourcesBuildPhase;
			buildActionMask = 2147483647;
			files = (
			);
			runOnlyForDeploymentPostprocessing = 0;
		};
/* End PBXResourcesBuildPhase section */

/* Begin PBXSourcesBuildPhase section */
		3EFD842426D76EE400727EAF /* Sources */ = {
			isa = PBXSourcesBuildPhase;
			buildActionMask = 2147483647;
			files = (
				3EFD846E26D7C4A500727EAF /* MockURLSession.swift in Sources */,
				3EFD845D26D76F4500727EAF /* NetworkManager.swift in Sources */,
				3EFD847226D7C5D300727EAF /* Config.swift in Sources */,
				3EFD843026D76EE400727EAF /* ViewController.swift in Sources */,
				3EFD842C26D76EE400727EAF /* AppDelegate.swift in Sources */,
				3EFD842E26D76EE400727EAF /* SceneDelegate.swift in Sources */,
				3EFD846A26D7BEEB00727EAF /* Decoder.swift in Sources */,
				3EFD846626D7B6A200727EAF /* SearchResult.swift in Sources */,
				3EFD846026D76F8700727EAF /* SearchItem.swift in Sources */,
			);
			runOnlyForDeploymentPostprocessing = 0;
		};
		3EFD843A26D76EE500727EAF /* Sources */ = {
			isa = PBXSourcesBuildPhase;
			buildActionMask = 2147483647;
			files = (
				3EFD846F26D7C4A500727EAF /* MockURLSession.swift in Sources */,
				3EFD846326D76F8A00727EAF /* NetworkManager.swift in Sources */,
				3EFD846126D76F8700727EAF /* SearchItem.swift in Sources */,
				3EFD847326D7C5D300727EAF /* Config.swift in Sources */,
				3EFD846726D7B6A200727EAF /* SearchResult.swift in Sources */,
				3EFD846B26D7BEEB00727EAF /* Decoder.swift in Sources */,
				3EFD844326D76EE500727EAF /* app_store_search_tap_cloneTests.swift in Sources */,
			);
			runOnlyForDeploymentPostprocessing = 0;
		};
		3EFD844526D76EE500727EAF /* Sources */ = {
			isa = PBXSourcesBuildPhase;
			buildActionMask = 2147483647;
			files = (
				3EFD847026D7C4A500727EAF /* MockURLSession.swift in Sources */,
				3EFD846426D76F8A00727EAF /* NetworkManager.swift in Sources */,
				3EFD846226D76F8700727EAF /* SearchItem.swift in Sources */,
				3EFD847426D7C5D300727EAF /* Config.swift in Sources */,
				3EFD846826D7B6A200727EAF /* SearchResult.swift in Sources */,
				3EFD846C26D7BEEB00727EAF /* Decoder.swift in Sources */,
				3EFD844E26D76EE500727EAF /* app_store_search_tap_cloneUITests.swift in Sources */,
			);
			runOnlyForDeploymentPostprocessing = 0;
		};
/* End PBXSourcesBuildPhase section */

/* Begin PBXTargetDependency section */
		3EFD844026D76EE500727EAF /* PBXTargetDependency */ = {
			isa = PBXTargetDependency;
			target = 3EFD842726D76EE400727EAF /* app-store-search-tap-clone */;
			targetProxy = 3EFD843F26D76EE500727EAF /* PBXContainerItemProxy */;
		};
		3EFD844B26D76EE500727EAF /* PBXTargetDependency */ = {
			isa = PBXTargetDependency;
			target = 3EFD842726D76EE400727EAF /* app-store-search-tap-clone */;
			targetProxy = 3EFD844A26D76EE500727EAF /* PBXContainerItemProxy */;
		};
/* End PBXTargetDependency section */

/* Begin PBXVariantGroup section */
		3EFD843126D76EE400727EAF /* Main.storyboard */ = {
			isa = PBXVariantGroup;
			children = (
				3EFD843226D76EE400727EAF /* Base */,
			);
			name = Main.storyboard;
			sourceTree = "<group>";
		};
		3EFD843626D76EE500727EAF /* LaunchScreen.storyboard */ = {
			isa = PBXVariantGroup;
			children = (
				3EFD843726D76EE500727EAF /* Base */,
			);
			name = LaunchScreen.storyboard;
			sourceTree = "<group>";
		};
/* End PBXVariantGroup section */

/* Begin XCBuildConfiguration section */
		3EFD845026D76EE500727EAF /* Debug */ = {
			isa = XCBuildConfiguration;
			buildSettings = {
				ALWAYS_SEARCH_USER_PATHS = NO;
				CLANG_ANALYZER_NONNULL = YES;
				CLANG_ANALYZER_NUMBER_OBJECT_CONVERSION = YES_AGGRESSIVE;
				CLANG_CXX_LANGUAGE_STANDARD = "gnu++14";
				CLANG_CXX_LIBRARY = "libc++";
				CLANG_ENABLE_MODULES = YES;
				CLANG_ENABLE_OBJC_ARC = YES;
				CLANG_ENABLE_OBJC_WEAK = YES;
				CLANG_WARN_BLOCK_CAPTURE_AUTORELEASING = YES;
				CLANG_WARN_BOOL_CONVERSION = YES;
				CLANG_WARN_COMMA = YES;
				CLANG_WARN_CONSTANT_CONVERSION = YES;
				CLANG_WARN_DEPRECATED_OBJC_IMPLEMENTATIONS = YES;
				CLANG_WARN_DIRECT_OBJC_ISA_USAGE = YES_ERROR;
				CLANG_WARN_DOCUMENTATION_COMMENTS = YES;
				CLANG_WARN_EMPTY_BODY = YES;
				CLANG_WARN_ENUM_CONVERSION = YES;
				CLANG_WARN_INFINITE_RECURSION = YES;
				CLANG_WARN_INT_CONVERSION = YES;
				CLANG_WARN_NON_LITERAL_NULL_CONVERSION = YES;
				CLANG_WARN_OBJC_IMPLICIT_RETAIN_SELF = YES;
				CLANG_WARN_OBJC_LITERAL_CONVERSION = YES;
				CLANG_WARN_OBJC_ROOT_CLASS = YES_ERROR;
				CLANG_WARN_QUOTED_INCLUDE_IN_FRAMEWORK_HEADER = YES;
				CLANG_WARN_RANGE_LOOP_ANALYSIS = YES;
				CLANG_WARN_STRICT_PROTOTYPES = YES;
				CLANG_WARN_SUSPICIOUS_MOVE = YES;
				CLANG_WARN_UNGUARDED_AVAILABILITY = YES_AGGRESSIVE;
				CLANG_WARN_UNREACHABLE_CODE = YES;
				CLANG_WARN__DUPLICATE_METHOD_MATCH = YES;
				COPY_PHASE_STRIP = NO;
				DEBUG_INFORMATION_FORMAT = dwarf;
				ENABLE_STRICT_OBJC_MSGSEND = YES;
				ENABLE_TESTABILITY = YES;
				GCC_C_LANGUAGE_STANDARD = gnu11;
				GCC_DYNAMIC_NO_PIC = NO;
				GCC_NO_COMMON_BLOCKS = YES;
				GCC_OPTIMIZATION_LEVEL = 0;
				GCC_PREPROCESSOR_DEFINITIONS = (
					"DEBUG=1",
					"$(inherited)",
				);
				GCC_WARN_64_TO_32_BIT_CONVERSION = YES;
				GCC_WARN_ABOUT_RETURN_TYPE = YES_ERROR;
				GCC_WARN_UNDECLARED_SELECTOR = YES;
				GCC_WARN_UNINITIALIZED_AUTOS = YES_AGGRESSIVE;
				GCC_WARN_UNUSED_FUNCTION = YES;
				GCC_WARN_UNUSED_VARIABLE = YES;
				IPHONEOS_DEPLOYMENT_TARGET = 14.5;
				MTL_ENABLE_DEBUG_INFO = INCLUDE_SOURCE;
				MTL_FAST_MATH = YES;
				ONLY_ACTIVE_ARCH = YES;
				SDKROOT = iphoneos;
				SWIFT_ACTIVE_COMPILATION_CONDITIONS = DEBUG;
				SWIFT_OPTIMIZATION_LEVEL = "-Onone";
			};
			name = Debug;
		};
		3EFD845126D76EE500727EAF /* Release */ = {
			isa = XCBuildConfiguration;
			buildSettings = {
				ALWAYS_SEARCH_USER_PATHS = NO;
				CLANG_ANALYZER_NONNULL = YES;
				CLANG_ANALYZER_NUMBER_OBJECT_CONVERSION = YES_AGGRESSIVE;
				CLANG_CXX_LANGUAGE_STANDARD = "gnu++14";
				CLANG_CXX_LIBRARY = "libc++";
				CLANG_ENABLE_MODULES = YES;
				CLANG_ENABLE_OBJC_ARC = YES;
				CLANG_ENABLE_OBJC_WEAK = YES;
				CLANG_WARN_BLOCK_CAPTURE_AUTORELEASING = YES;
				CLANG_WARN_BOOL_CONVERSION = YES;
				CLANG_WARN_COMMA = YES;
				CLANG_WARN_CONSTANT_CONVERSION = YES;
				CLANG_WARN_DEPRECATED_OBJC_IMPLEMENTATIONS = YES;
				CLANG_WARN_DIRECT_OBJC_ISA_USAGE = YES_ERROR;
				CLANG_WARN_DOCUMENTATION_COMMENTS = YES;
				CLANG_WARN_EMPTY_BODY = YES;
				CLANG_WARN_ENUM_CONVERSION = YES;
				CLANG_WARN_INFINITE_RECURSION = YES;
				CLANG_WARN_INT_CONVERSION = YES;
				CLANG_WARN_NON_LITERAL_NULL_CONVERSION = YES;
				CLANG_WARN_OBJC_IMPLICIT_RETAIN_SELF = YES;
				CLANG_WARN_OBJC_LITERAL_CONVERSION = YES;
				CLANG_WARN_OBJC_ROOT_CLASS = YES_ERROR;
				CLANG_WARN_QUOTED_INCLUDE_IN_FRAMEWORK_HEADER = YES;
				CLANG_WARN_RANGE_LOOP_ANALYSIS = YES;
				CLANG_WARN_STRICT_PROTOTYPES = YES;
				CLANG_WARN_SUSPICIOUS_MOVE = YES;
				CLANG_WARN_UNGUARDED_AVAILABILITY = YES_AGGRESSIVE;
				CLANG_WARN_UNREACHABLE_CODE = YES;
				CLANG_WARN__DUPLICATE_METHOD_MATCH = YES;
				COPY_PHASE_STRIP = NO;
				DEBUG_INFORMATION_FORMAT = "dwarf-with-dsym";
				ENABLE_NS_ASSERTIONS = NO;
				ENABLE_STRICT_OBJC_MSGSEND = YES;
				GCC_C_LANGUAGE_STANDARD = gnu11;
				GCC_NO_COMMON_BLOCKS = YES;
				GCC_WARN_64_TO_32_BIT_CONVERSION = YES;
				GCC_WARN_ABOUT_RETURN_TYPE = YES_ERROR;
				GCC_WARN_UNDECLARED_SELECTOR = YES;
				GCC_WARN_UNINITIALIZED_AUTOS = YES_AGGRESSIVE;
				GCC_WARN_UNUSED_FUNCTION = YES;
				GCC_WARN_UNUSED_VARIABLE = YES;
				IPHONEOS_DEPLOYMENT_TARGET = 14.5;
				MTL_ENABLE_DEBUG_INFO = NO;
				MTL_FAST_MATH = YES;
				SDKROOT = iphoneos;
				SWIFT_COMPILATION_MODE = wholemodule;
				SWIFT_OPTIMIZATION_LEVEL = "-O";
				VALIDATE_PRODUCT = YES;
			};
			name = Release;
		};
		3EFD845326D76EE500727EAF /* Debug */ = {
			isa = XCBuildConfiguration;
			buildSettings = {
				ASSETCATALOG_COMPILER_APPICON_NAME = AppIcon;
				ASSETCATALOG_COMPILER_GLOBAL_ACCENT_COLOR_NAME = AccentColor;
				CODE_SIGN_STYLE = Automatic;
				INFOPLIST_FILE = "app-store-search-tap-clone/Info.plist";
				LD_RUNPATH_SEARCH_PATHS = (
					"$(inherited)",
					"@executable_path/Frameworks",
				);
				PRODUCT_BUNDLE_IDENTIFIER = "mash-up.app-store-search-tap-clone";
				PRODUCT_NAME = "$(TARGET_NAME)";
				SWIFT_VERSION = 5.0;
				TARGETED_DEVICE_FAMILY = "1,2";
			};
			name = Debug;
		};
		3EFD845426D76EE500727EAF /* Release */ = {
			isa = XCBuildConfiguration;
			buildSettings = {
				ASSETCATALOG_COMPILER_APPICON_NAME = AppIcon;
				ASSETCATALOG_COMPILER_GLOBAL_ACCENT_COLOR_NAME = AccentColor;
				CODE_SIGN_STYLE = Automatic;
				INFOPLIST_FILE = "app-store-search-tap-clone/Info.plist";
				LD_RUNPATH_SEARCH_PATHS = (
					"$(inherited)",
					"@executable_path/Frameworks",
				);
				PRODUCT_BUNDLE_IDENTIFIER = "mash-up.app-store-search-tap-clone";
				PRODUCT_NAME = "$(TARGET_NAME)";
				SWIFT_VERSION = 5.0;
				TARGETED_DEVICE_FAMILY = "1,2";
			};
			name = Release;
		};
		3EFD845626D76EE500727EAF /* Debug */ = {
			isa = XCBuildConfiguration;
			buildSettings = {
				ALWAYS_EMBED_SWIFT_STANDARD_LIBRARIES = YES;
				BUNDLE_LOADER = "$(TEST_HOST)";
				CODE_SIGN_STYLE = Automatic;
				INFOPLIST_FILE = "app-store-search-tap-cloneTests/Info.plist";
				IPHONEOS_DEPLOYMENT_TARGET = 14.5;
				LD_RUNPATH_SEARCH_PATHS = (
					"$(inherited)",
					"@executable_path/Frameworks",
					"@loader_path/Frameworks",
				);
				PRODUCT_BUNDLE_IDENTIFIER = "mash-up.app-store-search-tap-cloneTests";
				PRODUCT_NAME = "$(TARGET_NAME)";
				SWIFT_VERSION = 5.0;
				TARGETED_DEVICE_FAMILY = "1,2";
				TEST_HOST = "$(BUILT_PRODUCTS_DIR)/app-store-search-tap-clone.app/app-store-search-tap-clone";
			};
			name = Debug;
		};
		3EFD845726D76EE500727EAF /* Release */ = {
			isa = XCBuildConfiguration;
			buildSettings = {
				ALWAYS_EMBED_SWIFT_STANDARD_LIBRARIES = YES;
				BUNDLE_LOADER = "$(TEST_HOST)";
				CODE_SIGN_STYLE = Automatic;
				INFOPLIST_FILE = "app-store-search-tap-cloneTests/Info.plist";
				IPHONEOS_DEPLOYMENT_TARGET = 14.5;
				LD_RUNPATH_SEARCH_PATHS = (
					"$(inherited)",
					"@executable_path/Frameworks",
					"@loader_path/Frameworks",
				);
				PRODUCT_BUNDLE_IDENTIFIER = "mash-up.app-store-search-tap-cloneTests";
				PRODUCT_NAME = "$(TARGET_NAME)";
				SWIFT_VERSION = 5.0;
				TARGETED_DEVICE_FAMILY = "1,2";
				TEST_HOST = "$(BUILT_PRODUCTS_DIR)/app-store-search-tap-clone.app/app-store-search-tap-clone";
			};
			name = Release;
		};
		3EFD845926D76EE500727EAF /* Debug */ = {
			isa = XCBuildConfiguration;
			buildSettings = {
				ALWAYS_EMBED_SWIFT_STANDARD_LIBRARIES = YES;
				CODE_SIGN_STYLE = Automatic;
				INFOPLIST_FILE = "app-store-search-tap-cloneUITests/Info.plist";
				LD_RUNPATH_SEARCH_PATHS = (
					"$(inherited)",
					"@executable_path/Frameworks",
					"@loader_path/Frameworks",
				);
				PRODUCT_BUNDLE_IDENTIFIER = "mash-up.app-store-search-tap-cloneUITests";
				PRODUCT_NAME = "$(TARGET_NAME)";
				SWIFT_VERSION = 5.0;
				TARGETED_DEVICE_FAMILY = "1,2";
				TEST_TARGET_NAME = "app-store-search-tap-clone";
			};
			name = Debug;
		};
		3EFD845A26D76EE500727EAF /* Release */ = {
			isa = XCBuildConfiguration;
			buildSettings = {
				ALWAYS_EMBED_SWIFT_STANDARD_LIBRARIES = YES;
				CODE_SIGN_STYLE = Automatic;
				INFOPLIST_FILE = "app-store-search-tap-cloneUITests/Info.plist";
				LD_RUNPATH_SEARCH_PATHS = (
					"$(inherited)",
					"@executable_path/Frameworks",
					"@loader_path/Frameworks",
				);
				PRODUCT_BUNDLE_IDENTIFIER = "mash-up.app-store-search-tap-cloneUITests";
				PRODUCT_NAME = "$(TARGET_NAME)";
				SWIFT_VERSION = 5.0;
				TARGETED_DEVICE_FAMILY = "1,2";
				TEST_TARGET_NAME = "app-store-search-tap-clone";
			};
			name = Release;
		};
/* End XCBuildConfiguration section */

/* Begin XCConfigurationList section */
		3EFD842326D76EE400727EAF /* Build configuration list for PBXProject "app-store-search-tap-clone" */ = {
			isa = XCConfigurationList;
			buildConfigurations = (
				3EFD845026D76EE500727EAF /* Debug */,
				3EFD845126D76EE500727EAF /* Release */,
			);
			defaultConfigurationIsVisible = 0;
			defaultConfigurationName = Release;
		};
		3EFD845226D76EE500727EAF /* Build configuration list for PBXNativeTarget "app-store-search-tap-clone" */ = {
			isa = XCConfigurationList;
			buildConfigurations = (
				3EFD845326D76EE500727EAF /* Debug */,
				3EFD845426D76EE500727EAF /* Release */,
			);
			defaultConfigurationIsVisible = 0;
			defaultConfigurationName = Release;
		};
		3EFD845526D76EE500727EAF /* Build configuration list for PBXNativeTarget "app-store-search-tap-cloneTests" */ = {
			isa = XCConfigurationList;
			buildConfigurations = (
				3EFD845626D76EE500727EAF /* Debug */,
				3EFD845726D76EE500727EAF /* Release */,
			);
			defaultConfigurationIsVisible = 0;
			defaultConfigurationName = Release;
		};
		3EFD845826D76EE500727EAF /* Build configuration list for PBXNativeTarget "app-store-search-tap-cloneUITests" */ = {
			isa = XCConfigurationList;
			buildConfigurations = (
				3EFD845926D76EE500727EAF /* Debug */,
				3EFD845A26D76EE500727EAF /* Release */,
			);
			defaultConfigurationIsVisible = 0;
			defaultConfigurationName = Release;
		};
/* End XCConfigurationList section */
	};
	rootObject = 3EFD842026D76EE400727EAF /* Project object */;
}
